
Microsoft Visual Studio Solution File, Format Version 12.00
# Visual Studio 2013
VisualStudioVersion = 12.0.21005.1
MinimumVisualStudioVersion = 10.0.40219.1
Project("{8BC9CEB8-8B4A-11D0-8D11-00A0C91BC942}") = "Encode", "Encode\Encode.vcxproj", "{1A65E91C-00E9-44FB-8BF4-8EA63FC0F6ED}"
EndProject
Project("{8BC9CEB8-8B4A-11D0-8D11-00A0C91BC942}") = "EncodingLib", "EncodingLib\EncodingLib.vcxproj", "{39D68CAC-D340-40C2-A3F9-66FE5466E3FF}"
EndProject
Project("{8BC9CEB8-8B4A-11D0-8D11-00A0C91BC942}") = "EncodingLibTests", "EncodingLibTests\EncodingLibTests.vcxproj", "{35169686-845D-40A1-AAED-370469E088C9}"
EndProject
Project("{8BC9CEB8-8B4A-11D0-8D11-00A0C91BC942}") = "Decode", "Decode\Decode.vcxproj", "{033EFBA3-F256-44EE-B494-D062EC611B44}"
EndProject
Global
	GlobalSection(SolutionConfigurationPlatforms) = preSolution
		Debug|Win32 = Debug|Win32
		Release|Win32 = Release|Win32
	EndGlobalSection
	GlobalSection(ProjectConfigurationPlatforms) = postSolution
		{1A65E91C-00E9-44FB-8BF4-8EA63FC0F6ED}.Debug|Win32.ActiveCfg = Debug|Win32
		{1A65E91C-00E9-44FB-8BF4-8EA63FC0F6ED}.Debug|Win32.Build.0 = Debug|Win32
		{1A65E91C-00E9-44FB-8BF4-8EA63FC0F6ED}.Release|Win32.ActiveCfg = Release|Win32
		{1A65E91C-00E9-44FB-8BF4-8EA63FC0F6ED}.Release|Win32.Build.0 = Release|Win32
		{39D68CAC-D340-40C2-A3F9-66FE5466E3FF}.Debug|Win32.ActiveCfg = Debug|Win32
		{39D68CAC-D340-40C2-A3F9-66FE5466E3FF}.Debug|Win32.Build.0 = Debug|Win32
		{39D68CAC-D340-40C2-A3F9-66FE5466E3FF}.Release|Win32.ActiveCfg = Release|Win32
		{39D68CAC-D340-40C2-A3F9-66FE5466E3FF}.Release|Win32.Build.0 = Release|Win32
		{35169686-845D-40A1-AAED-370469E088C9}.Debug|Win32.ActiveCfg = Debug|Win32
		{35169686-845D-40A1-AAED-370469E088C9}.Debug|Win32.Build.0 = Debug|Win32
		{35169686-845D-40A1-AAED-370469E088C9}.Release|Win32.ActiveCfg = Release|Win32
		{35169686-845D-40A1-AAED-370469E088C9}.Release|Win32.Build.0 = Release|Win32
		{033EFBA3-F256-44EE-B494-D062EC611B44}.Debug|Win32.ActiveCfg = Debug|Win32
		{033EFBA3-F256-44EE-B494-D062EC611B44}.Debug|Win32.Build.0 = Debug|Win32
		{033EFBA3-F256-44EE-B494-D062EC611B44}.Release|Win32.ActiveCfg = Release|Win32
		{033EFBA3-F256-44EE-B494-D062EC611B44}.Release|Win32.Build.0 = Release|Win32
	EndGlobalSection
	GlobalSection(SolutionProperties) = preSolution
		HideSolutionNode = FALSE
	EndGlobalSection
EndGlobal
